// !$*UTF8*$!
{
	archiveVersion = 1;
	classes = {
	};
	objectVersion = 46;
	objects = {

/* Begin PBXBuildFile section */
		CEFB369A15D467E0002E6382 /* Foundation.framework in Frameworks */ = {isa = PBXBuildFile; fileRef = CEFB369915D467E0002E6382 /* Foundation.framework */; };
		CEFB369D15D467E0002E6382 /* main.m in Sources */ = {isa = PBXBuildFile; fileRef = CEFB369C15D467E0002E6382 /* main.m */; };
		CEFB36A115D467E0002E6382 /* FractionTest.1 in CopyFiles */ = {isa = PBXBuildFile; fileRef = CEFB36A015D467E0002E6382 /* FractionTest.1 */; };
		CEFB36A915D4723D002E6382 /* Fraction.m in Sources */ = {isa = PBXBuildFile; fileRef = CEFB36A815D4723D002E6382 /* Fraction.m */; };
/* End PBXBuildFile section */

/* Begin PBXCopyFilesBuildPhase section */
		CEFB369315D467E0002E6382 /* CopyFiles */ = {
			isa = PBXCopyFilesBuildPhase;
			buildActionMask = 2147483647;
			dstPath = /usr/share/man/man1/;
			dstSubfolderSpec = 0;
			files = (
				CEFB36A115D467E0002E6382 /* FractionTest.1 in CopyFiles */,
			);
			runOnlyForDeploymentPostprocessing = 1;
		};
/* End PBXCopyFilesBuildPhase section */

/* Begin PBXFileReference section */
		CEFB369515D467E0002E6382 /* FractionTest */ = {isa = PBXFileReference; explicitFileType = "compiled.mach-o.executable"; includeInIndex = 0; path = FractionTest; sourceTree = BUILT_PRODUCTS_DIR; };
		CEFB369915D467E0002E6382 /* Foundation.framework */ = {isa = PBXFileReference; lastKnownFileType = wrapper.framework; name = Foundation.framework; path = System/Library/Frameworks/Foundation.framework; sourceTree = SDKROOT; };
		CEFB369C15D467E0002E6382 /* main.m */ = {isa = PBXFileReference; lastKnownFileType = sourcecode.c.objc; path = main.m; sourceTree = "<group>"; };
		CEFB369F15D467E0002E6382 /* FractionTest-Prefix.pch */ = {isa = PBXFileReference; lastKnownFileType = sourcecode.c.h; path = "FractionTest-Prefix.pch"; sourceTree = "<group>"; };
		CEFB36A015D467E0002E6382 /* FractionTest.1 */ = {isa = PBXFileReference; lastKnownFileType = text.man; path = FractionTest.1; sourceTree = "<group>"; };
		CEFB36A715D4723D002E6382 /* Fraction.h */ = {isa = PBXFileReference; fileEncoding = 4; lastKnownFileType = sourcecode.c.h; path = Fraction.h; sourceTree = "<group>"; };
		CEFB36A815D4723D002E6382 /* Fraction.m */ = {isa = PBXFileReference; fileEncoding = 4; lastKnownFileType = sourcecode.c.objc; path = Fraction.m; sourceTree = "<group>"; };
/* End PBXFileReference section */

/* Begin PBXFrameworksBuildPhase section */
		CEFB369215D467E0002E6382 /* Frameworks */ = {
			isa = PBXFrameworksBuildPhase;
			buildActionMask = 2147483647;
			files = (
				CEFB369A15D467E0002E6382 /* Foundation.framework in Frameworks */,
			);
			runOnlyForDeploymentPostprocessing = 0;
		};
/* End PBXFrameworksBuildPhase section */

/* Begin PBXGroup section */
		CEFB368A15D467E0002E6382 = {
			isa = PBXGroup;
			children = (
				CEFB369B15D467E0002E6382 /* FractionTest */,
				CEFB369815D467E0002E6382 /* Frameworks */,
				CEFB369615D467E0002E6382 /* Products */,
			);
			sourceTree = "<group>";
		};
		CEFB369615D467E0002E6382 /* Products */ = {
			isa = PBXGroup;
			children = (
				CEFB369515D467E0002E6382 /* FractionTest */,
			);
			name = Products;
			sourceTree = "<group>";
		};
		CEFB369815D467E0002E6382 /* Frameworks */ = {
			isa = PBXGroup;
			children = (
				CEFB369915D467E0002E6382 /* Foundation.framework */,
			);
			name = Frameworks;
			sourceTree = "<group>";
		};
		CEFB369B15D467E0002E6382 /* FractionTest */ = {
			isa = PBXGroup;
			children = (
				CEFB369C15D467E0002E6382 /* main.m */,
				CEFB36A715D4723D002E6382 /* Fraction.h */,
				CEFB36A815D4723D002E6382 /* Fraction.m */,
				CEFB36A015D467E0002E6382 /* FractionTest.1 */,
				CEFB369E15D467E0002E6382 /* Supporting Files */,
			);
			path = FractionTest;
			sourceTree = "<group>";
		};
		CEFB369E15D467E0002E6382 /* Supporting Files */ = {
			isa = PBXGroup;
			children = (
				CEFB369F15D467E0002E6382 /* FractionTest-Prefix.pch */,
			);
			name = "Supporting Files";
			sourceTree = "<group>";
		};
/* End PBXGroup section */

/* Begin PBXNativeTarget section */
		CEFB369415D467E0002E6382 /* FractionTest */ = {
			isa = PBXNativeTarget;
			buildConfigurationList = CEFB36A415D467E0002E6382 /* Build configuration list for PBXNativeTarget "FractionTest" */;
			buildPhases = (
				CEFB369115D467E0002E6382 /* Sources */,
				CEFB369215D467E0002E6382 /* Frameworks */,
				CEFB369315D467E0002E6382 /* CopyFiles */,
			);
			buildRules = (
			);
			dependencies = (
			);
			name = FractionTest;
			productName = FractionTest;
			productReference = CEFB369515D467E0002E6382 /* FractionTest */;
			productType = "com.apple.product-type.tool";
		};
/* End PBXNativeTarget section */

/* Begin PBXProject section */
		CEFB368C15D467E0002E6382 /* Project object */ = {
			isa = PBXProject;
			attributes = {
				LastUpgradeCheck = 0440;
				ORGANIZATIONNAME = "Taller Technologies";
			};
			buildConfigurationList = CEFB368F15D467E0002E6382 /* Build configuration list for PBXProject "FractionTest" */;
			compatibilityVersion = "Xcode 3.2";
			developmentRegion = English;
			hasScannedForEncodings = 0;
			knownRegions = (
				en,
			);
			mainGroup = CEFB368A15D467E0002E6382;
			productRefGroup = CEFB369615D467E0002E6382 /* Products */;
			projectDirPath = "";
			projectRoot = "";
			targets = (
				CEFB369415D467E0002E6382 /* FractionTest */,
			);
		};
/* End PBXProject section */

/* Begin PBXSourcesBuildPhase section */
		CEFB369115D467E0002E6382 /* Sources */ = {
			isa = PBXSourcesBuildPhase;
			buildActionMask = 2147483647;
			files = (
				CEFB369D15D467E0002E6382 /* main.m in Sources */,
				CEFB36A915D4723D002E6382 /* Fraction.m in Sources */,
			);
			runOnlyForDeploymentPostprocessing = 0;
		};
/* End PBXSourcesBuildPhase section */

/* Begin XCBuildConfiguration section */
		CEFB36A215D467E0002E6382 /* Debug */ = {
			isa = XCBuildConfiguration;
			buildSettings = {
				ALWAYS_SEARCH_USER_PATHS = NO;
				ARCHS = "$(ARCHS_STANDARD_64_BIT)";
				CLANG_CXX_LANGUAGE_STANDARD = "gnu++0x";
				CLANG_ENABLE_OBJC_ARC = YES;
				CLANG_WARN__DUPLICATE_METHOD_MATCH = YES;
				COPY_PHASE_STRIP = NO;
				GCC_C_LANGUAGE_STANDARD = gnu99;
				GCC_DYNAMIC_NO_PIC = NO;
				GCC_ENABLE_OBJC_EXCEPTIONS = YES;
				GCC_OPTIMIZATION_LEVEL = 0;
				GCC_PREPROCESSOR_DEFINITIONS = (
					"DEBUG=1",
					"$(inherited)",
				);
				GCC_SYMBOLS_PRIVATE_EXTERN = NO;
				GCC_WARN_64_TO_32_BIT_CONVERSION = YES;
				GCC_WARN_ABOUT_RETURN_TYPE = YES;
				GCC_WARN_UNINITIALIZED_AUTOS = YES;
				GCC_WARN_UNUSED_VARIABLE = YES;
				MACOSX_DEPLOYMENT_TARGET = 10.7;
				ONLY_ACTIVE_ARCH = YES;
				SDKROOT = macosx;
			};
			name = Debug;
		};
		CEFB36A315D467E0002E6382 /* Release */ = {
			isa = XCBuildConfiguration;
			buildSettings = {
				ALWAYS_SEARCH_USER_PATHS = NO;
				ARCHS = "$(ARCHS_STANDARD_64_BIT)";
				CLANG_CXX_LANGUAGE_STANDARD = "gnu++0x";
				CLANG_ENABLE_OBJC_ARC = YES;
				CLANG_WARN__DUPLICATE_METHOD_MATCH = YES;
				COPY_PHASE_STRIP = YES;
				DEBUG_INFORMATION_FORMAT = "dwarf-with-dsym";
				GCC_C_LANGUAGE_STANDARD = gnu99;
				GCC_ENABLE_OBJC_EXCEPTIONS = YES;
				GCC_WARN_64_TO_32_BIT_CONVERSION = YES;
				GCC_WARN_ABOUT_RETURN_TYPE = YES;
				GCC_WARN_UNINITIALIZED_AUTOS = YES;
				GCC_WARN_UNUSED_VARIABLE = YES;
				MACOSX_DEPLOYMENT_TARGET = 10.7;
				SDKROOT = macosx;
			};
			name = Release;
		};
		CEFB36A515D467E0002E6382 /* Debug */ = {
			isa = XCBuildConfiguration;
			buildSettings = {
				GCC_PRECOMPILE_PREFIX_HEADER = YES;
				GCC_PREFIX_HEADER = "FractionTest/FractionTest-Prefix.pch";
				PRODUCT_NAME = "$(TARGET_NAME)";
			};
			name = Debug;
		};
		CEFB36A615D467E0002E6382 /* Release */ = {
			isa = XCBuildConfiguration;
			buildSettings = {
				GCC_PRECOMPILE_PREFIX_HEADER = YES;
				GCC_PREFIX_HEADER = "FractionTest/FractionTest-Prefix.pch";
				PRODUCT_NAME = "$(TARGET_NAME)";
			};
			name = Release;
		};
/* End XCBuildConfiguration section */

/* Begin XCConfigurationList section */
		CEFB368F15D467E0002E6382 /* Build configuration list for PBXProject "FractionTest" */ = {
			isa = XCConfigurationList;
			buildConfigurations = (
				CEFB36A215D467E0002E6382 /* Debug */,
				CEFB36A315D467E0002E6382 /* Release */,
			);
			defaultConfigurationIsVisible = 0;
			defaultConfigurationName = Release;
		};
		CEFB36A415D467E0002E6382 /* Build configuration list for PBXNativeTarget "FractionTest" */ = {
			isa = XCConfigurationList;
			buildConfigurations = (
				CEFB36A515D467E0002E6382 /* Debug */,
				CEFB36A615D467E0002E6382 /* Release */,
			);
			defaultConfigurationIsVisible = 0;
		};
/* End XCConfigurationList section */
	};
	rootObject = CEFB368C15D467E0002E6382 /* Project object */;
}
